
Microsoft Visual Studio Solution File, Format Version 12.00
# Visual Studio 14
VisualStudioVersion = 14.0.25420.1
MinimumVisualStudioVersion = 10.0.40219.1
Project("{8BC9CEB8-8B4A-11D0-8D11-00A0C91BC942}") = "ShtilleEngine", "ShtilleEngine\ShtilleEngine.vcxproj", "{26DB0CAA-E90A-4DF3-BBFC-33311F50889A}"
	ProjectSection(ProjectDependencies) = postProject
		{88B03D0B-2347-4FE3-8993-1165F0B9A113} = {88B03D0B-2347-4FE3-8993-1165F0B9A113}
		{DE3F7149-EBF6-4479-8781-35AF4B68B12A} = {DE3F7149-EBF6-4479-8781-35AF4B68B12A}
		{44DBED96-C79A-4B0D-9B5E-48359CA39076} = {44DBED96-C79A-4B0D-9B5E-48359CA39076}
		{44DBED96-C79A-4B0D-9B5E-48359CA39079} = {44DBED96-C79A-4B0D-9B5E-48359CA39079}
		{0F2885D8-DDAB-427B-8495-6E3EFFF31893} = {0F2885D8-DDAB-427B-8495-6E3EFFF31893}
	EndProjectSection
EndProject
Project("{2150E333-8FDC-42A3-9474-1A3956D46DE8}") = "Thirdparty", "Thirdparty", "{8A656CD0-43C3-40E0-B63F-4DED9CD732DF}"
EndProject
Project("{8BC9CEB8-8B4A-11D0-8D11-00A0C91BC942}") = "freetype", "freetype\freetype.vcxproj", "{88B03D0B-2347-4FE3-8993-1165F0B9A113}"
EndProject
Project("{8BC9CEB8-8B4A-11D0-8D11-00A0C91BC942}") = "glew", "glew\glew.vcxproj", "{0F2885D8-DDAB-427B-8495-6E3EFFF31893}"
EndProject
Project("{8BC9CEB8-8B4A-11D0-8D11-00A0C91BC942}") = "libjpeg", "libjpeg\libjpeg.vcxproj", "{44DBED96-C79A-4B0D-9B5E-48359CA39076}"
EndProject
Project("{8BC9CEB8-8B4A-11D0-8D11-00A0C91BC942}") = "libpng", "libpng\libpng.vcxproj", "{DE3F7149-EBF6-4479-8781-35AF4B68B12A}"
	ProjectSection(ProjectDependencies) = postProject
		{847B53A6-F2EF-4F83-9E63-E246A4EFD969} = {847B53A6-F2EF-4F83-9E63-E246A4EFD969}
	EndProjectSection
EndProject
Project("{8BC9CEB8-8B4A-11D0-8D11-00A0C91BC942}") = "zlib", "zlib\zlib.vcxproj", "{847B53A6-F2EF-4F83-9E63-E246A4EFD969}"
EndProject
Project("{8BC9CEB8-8B4A-11D0-8D11-00A0C91BC942}") = "TestProject", "TestProject\TestProject.vcxproj", "{C5B7B5F2-7E6B-4BEB-91FA-7F9A963B158C}"
	ProjectSection(ProjectDependencies) = postProject
		{26DB0CAA-E90A-4DF3-BBFC-33311F50889A} = {26DB0CAA-E90A-4DF3-BBFC-33311F50889A}
	EndProjectSection
EndProject
Project("{8BC9CEB8-8B4A-11D0-8D11-00A0C91BC942}") = "ShtilleEarth", "ShtilleEarth\ShtilleEarth.vcxproj", "{9FA10E8A-55F7-4D66-96F8-D63562F14F19}"
	ProjectSection(ProjectDependencies) = postProject
		{26DB0CAA-E90A-4DF3-BBFC-33311F50889A} = {26DB0CAA-E90A-4DF3-BBFC-33311F50889A}
	EndProjectSection
EndProject
Project("{8BC9CEB8-8B4A-11D0-8D11-00A0C91BC942}") = "libcurl", "libcurl\libcurl.vcxproj", "{44DBED96-C79A-4B0D-9B5E-48359CA39079}"
EndProject
Project("{2150E333-8FDC-42A3-9474-1A3956D46DE8}") = "Engine", "Engine", "{18287F00-900C-452D-A0F9-689FD793DA18}"
EndProject
Project("{2150E333-8FDC-42A3-9474-1A3956D46DE8}") = "Projects", "Projects", "{67109018-5E36-4B08-82F1-6369E6C2E60F}"
EndProject
Global
	GlobalSection(SolutionConfigurationPlatforms) = preSolution
		Debug|x64 = Debug|x64
		Debug|x86 = Debug|x86
		Release|x64 = Release|x64
		Release|x86 = Release|x86
	EndGlobalSection
	GlobalSection(ProjectConfigurationPlatforms) = postSolution
		{26DB0CAA-E90A-4DF3-BBFC-33311F50889A}.Debug|x64.ActiveCfg = Debug|x64
		{26DB0CAA-E90A-4DF3-BBFC-33311F50889A}.Debug|x64.Build.0 = Debug|x64
		{26DB0CAA-E90A-4DF3-BBFC-33311F50889A}.Debug|x86.ActiveCfg = Debug|Win32
		{26DB0CAA-E90A-4DF3-BBFC-33311F50889A}.Debug|x86.Build.0 = Debug|Win32
		{26DB0CAA-E90A-4DF3-BBFC-33311F50889A}.Release|x64.ActiveCfg = Release|x64
		{26DB0CAA-E90A-4DF3-BBFC-33311F50889A}.Release|x64.Build.0 = Release|x64
		{26DB0CAA-E90A-4DF3-BBFC-33311F50889A}.Release|x86.ActiveCfg = Release|Win32
		{26DB0CAA-E90A-4DF3-BBFC-33311F50889A}.Release|x86.Build.0 = Release|Win32
		{88B03D0B-2347-4FE3-8993-1165F0B9A113}.Debug|x64.ActiveCfg = Debug|x64
		{88B03D0B-2347-4FE3-8993-1165F0B9A113}.Debug|x64.Build.0 = Debug|x64
		{88B03D0B-2347-4FE3-8993-1165F0B9A113}.Debug|x86.ActiveCfg = Debug|Win32
		{88B03D0B-2347-4FE3-8993-1165F0B9A113}.Debug|x86.Build.0 = Debug|Win32
		{88B03D0B-2347-4FE3-8993-1165F0B9A113}.Release|x64.ActiveCfg = Release|x64
		{88B03D0B-2347-4FE3-8993-1165F0B9A113}.Release|x64.Build.0 = Release|x64
		{88B03D0B-2347-4FE3-8993-1165F0B9A113}.Release|x86.ActiveCfg = Release|Win32
		{88B03D0B-2347-4FE3-8993-1165F0B9A113}.Release|x86.Build.0 = Release|Win32
		{0F2885D8-DDAB-427B-8495-6E3EFFF31893}.Debug|x64.ActiveCfg = Debug|x64
		{0F2885D8-DDAB-427B-8495-6E3EFFF31893}.Debug|x64.Build.0 = Debug|x64
		{0F2885D8-DDAB-427B-8495-6E3EFFF31893}.Debug|x86.ActiveCfg = Debug|Win32
		{0F2885D8-DDAB-427B-8495-6E3EFFF31893}.Debug|x86.Build.0 = Debug|Win32
		{0F2885D8-DDAB-427B-8495-6E3EFFF31893}.Release|x64.ActiveCfg = Release|x64
		{0F2885D8-DDAB-427B-8495-6E3EFFF31893}.Release|x64.Build.0 = Release|x64
		{0F2885D8-DDAB-427B-8495-6E3EFFF31893}.Release|x86.ActiveCfg = Release|Win32
		{0F2885D8-DDAB-427B-8495-6E3EFFF31893}.Release|x86.Build.0 = Release|Win32
		{44DBED96-C79A-4B0D-9B5E-48359CA39076}.Debug|x64.ActiveCfg = Debug|x64
		{44DBED96-C79A-4B0D-9B5E-48359CA39076}.Debug|x64.Build.0 = Debug|x64
		{44DBED96-C79A-4B0D-9B5E-48359CA39076}.Debug|x86.ActiveCfg = Debug|Win32
		{44DBED96-C79A-4B0D-9B5E-48359CA39076}.Debug|x86.Build.0 = Debug|Win32
		{44DBED96-C79A-4B0D-9B5E-48359CA39076}.Release|x64.ActiveCfg = Release|x64
		{44DBED96-C79A-4B0D-9B5E-48359CA39076}.Release|x64.Build.0 = Release|x64
		{44DBED96-C79A-4B0D-9B5E-48359CA39076}.Release|x86.ActiveCfg = Release|Win32
		{44DBED96-C79A-4B0D-9B5E-48359CA39076}.Release|x86.Build.0 = Release|Win32
		{DE3F7149-EBF6-4479-8781-35AF4B68B12A}.Debug|x64.ActiveCfg = Debug|x64
		{DE3F7149-EBF6-4479-8781-35AF4B68B12A}.Debug|x64.Build.0 = Debug|x64
		{DE3F7149-EBF6-4479-8781-35AF4B68B12A}.Debug|x86.ActiveCfg = Debug|Win32
		{DE3F7149-EBF6-4479-8781-35AF4B68B12A}.Debug|x86.Build.0 = Debug|Win32
		{DE3F7149-EBF6-4479-8781-35AF4B68B12A}.Release|x64.ActiveCfg = Release|x64
		{DE3F7149-EBF6-4479-8781-35AF4B68B12A}.Release|x64.Build.0 = Release|x64
		{DE3F7149-EBF6-4479-8781-35AF4B68B12A}.Release|x86.ActiveCfg = Release|Win32
		{DE3F7149-EBF6-4479-8781-35AF4B68B12A}.Release|x86.Build.0 = Release|Win32
		{847B53A6-F2EF-4F83-9E63-E246A4EFD969}.Debug|x64.ActiveCfg = Debug|x64
		{847B53A6-F2EF-4F83-9E63-E246A4EFD969}.Debug|x64.Build.0 = Debug|x64
		{847B53A6-F2EF-4F83-9E63-E246A4EFD969}.Debug|x86.ActiveCfg = Debug|Win32
		{847B53A6-F2EF-4F83-9E63-E246A4EFD969}.Debug|x86.Build.0 = Debug|Win32
		{847B53A6-F2EF-4F83-9E63-E246A4EFD969}.Release|x64.ActiveCfg = Release|x64
		{847B53A6-F2EF-4F83-9E63-E246A4EFD969}.Release|x64.Build.0 = Release|x64
		{847B53A6-F2EF-4F83-9E63-E246A4EFD969}.Release|x86.ActiveCfg = Release|Win32
		{847B53A6-F2EF-4F83-9E63-E246A4EFD969}.Release|x86.Build.0 = Release|Win32
		{C5B7B5F2-7E6B-4BEB-91FA-7F9A963B158C}.Debug|x64.ActiveCfg = Debug|x64
		{C5B7B5F2-7E6B-4BEB-91FA-7F9A963B158C}.Debug|x64.Build.0 = Debug|x64
		{C5B7B5F2-7E6B-4BEB-91FA-7F9A963B158C}.Debug|x86.ActiveCfg = Debug|Win32
		{C5B7B5F2-7E6B-4BEB-91FA-7F9A963B158C}.Debug|x86.Build.0 = Debug|Win32
		{C5B7B5F2-7E6B-4BEB-91FA-7F9A963B158C}.Release|x64.ActiveCfg = Release|x64
		{C5B7B5F2-7E6B-4BEB-91FA-7F9A963B158C}.Release|x64.Build.0 = Release|x64
		{C5B7B5F2-7E6B-4BEB-91FA-7F9A963B158C}.Release|x86.ActiveCfg = Release|Win32
		{C5B7B5F2-7E6B-4BEB-91FA-7F9A963B158C}.Release|x86.Build.0 = Release|Win32
		{9FA10E8A-55F7-4D66-96F8-D63562F14F19}.Debug|x64.ActiveCfg = Debug|x64
		{9FA10E8A-55F7-4D66-96F8-D63562F14F19}.Debug|x64.Build.0 = Debug|x64
		{9FA10E8A-55F7-4D66-96F8-D63562F14F19}.Debug|x86.ActiveCfg = Debug|Win32
		{9FA10E8A-55F7-4D66-96F8-D63562F14F19}.Debug|x86.Build.0 = Debug|Win32
		{9FA10E8A-55F7-4D66-96F8-D63562F14F19}.Release|x64.ActiveCfg = Release|x64
		{9FA10E8A-55F7-4D66-96F8-D63562F14F19}.Release|x64.Build.0 = Release|x64
		{9FA10E8A-55F7-4D66-96F8-D63562F14F19}.Release|x86.ActiveCfg = Release|Win32
		{9FA10E8A-55F7-4D66-96F8-D63562F14F19}.Release|x86.Build.0 = Release|Win32
		{44DBED96-C79A-4B0D-9B5E-48359CA39079}.Debug|x64.ActiveCfg = Debug|x64
		{44DBED96-C79A-4B0D-9B5E-48359CA39079}.Debug|x64.Build.0 = Debug|x64
		{44DBED96-C79A-4B0D-9B5E-48359CA39079}.Debug|x86.ActiveCfg = Debug|Win32
		{44DBED96-C79A-4B0D-9B5E-48359CA39079}.Debug|x86.Build.0 = Debug|Win32
		{44DBED96-C79A-4B0D-9B5E-48359CA39079}.Release|x64.ActiveCfg = Release|x64
		{44DBED96-C79A-4B0D-9B5E-48359CA39079}.Release|x64.Build.0 = Release|x64
		{44DBED96-C79A-4B0D-9B5E-48359CA39079}.Release|x86.ActiveCfg = Release|Win32
		{44DBED96-C79A-4B0D-9B5E-48359CA39079}.Release|x86.Build.0 = Release|Win32
	EndGlobalSection
	GlobalSection(SolutionProperties) = preSolution
		HideSolutionNode = FALSE
	EndGlobalSection
	GlobalSection(NestedProjects) = preSolution
		{26DB0CAA-E90A-4DF3-BBFC-33311F50889A} = {18287F00-900C-452D-A0F9-689FD793DA18}
		{88B03D0B-2347-4FE3-8993-1165F0B9A113} = {8A656CD0-43C3-40E0-B63F-4DED9CD732DF}
		{0F2885D8-DDAB-427B-8495-6E3EFFF31893} = {8A656CD0-43C3-40E0-B63F-4DED9CD732DF}
		{44DBED96-C79A-4B0D-9B5E-48359CA39076} = {8A656CD0-43C3-40E0-B63F-4DED9CD732DF}
		{DE3F7149-EBF6-4479-8781-35AF4B68B12A} = {8A656CD0-43C3-40E0-B63F-4DED9CD732DF}
		{847B53A6-F2EF-4F83-9E63-E246A4EFD969} = {8A656CD0-43C3-40E0-B63F-4DED9CD732DF}
		{C5B7B5F2-7E6B-4BEB-91FA-7F9A963B158C} = {67109018-5E36-4B08-82F1-6369E6C2E60F}
		{9FA10E8A-55F7-4D66-96F8-D63562F14F19} = {67109018-5E36-4B08-82F1-6369E6C2E60F}
		{44DBED96-C79A-4B0D-9B5E-48359CA39079} = {8A656CD0-43C3-40E0-B63F-4DED9CD732DF}
	EndGlobalSection
EndGlobal
